
Microsoft Visual Studio Solution File, Format Version 12.00
# Visual Studio Version 16
VisualStudioVersion = 16.0.31702.278
MinimumVisualStudioVersion = 10.0.40219.1
Project("{FAE04EC0-301F-11D3-BF4B-00C04F79EFBC}") = "TestTecom", "TestTecom\TestTecom.csproj", "{A700D481-AA40-4BFB-AE56-F589E9DE316A}"
EndProject
Global
	GlobalSection(SolutionConfigurationPlatforms) = preSolution
		Debug|Any CPU = Debug|Any CPU
		Release|Any CPU = Release|Any CPU
	EndGlobalSection
	GlobalSection(ProjectConfigurationPlatforms) = postSolution
		{A700D481-AA40-4BFB-AE56-F589E9DE316A}.Debug|Any CPU.ActiveCfg = Debug|Any CPU
		{A700D481-AA40-4BFB-AE56-F589E9DE316A}.Debug|Any CPU.Build.0 = Debug|Any CPU
		{A700D481-AA40-4BFB-AE56-F589E9DE316A}.Release|Any CPU.ActiveCfg = Release|Any CPU
		{A700D481-AA40-4BFB-AE56-F589E9DE316A}.Release|Any CPU.Build.0 = Release|Any CPU
	EndGlobalSection
	GlobalSection(SolutionProperties) = preSolution
		HideSolutionNode = FALSE
	EndGlobalSection
	GlobalSection(ExtensibilityGlobals) = postSolution
		SolutionGuid = {32A3757D-453E-4461-B5C8-2AA320F04F4F}
	EndGlobalSection
EndGlobal
